
Microsoft Visual Studio Solution File, Format Version 12.00
# Visual Studio Version 16
VisualStudioVersion = 16.0.32510.428
MinimumVisualStudioVersion = 10.0.40219.1
Project("{FAE04EC0-301F-11D3-BF4B-00C04F79EFBC}") = "QuizCreator", "QuizCreator\QuizCreator.csproj", "{EAAE5433-AD75-4F59-A127-8DAD71185B28}"
EndProject
Global
	GlobalSection(SolutionConfigurationPlatforms) = preSolution
		Debug|Any CPU = Debug|Any CPU
		Release|Any CPU = Release|Any CPU
	EndGlobalSection
	GlobalSection(ProjectConfigurationPlatforms) = postSolution
		{EAAE5433-AD75-4F59-A127-8DAD71185B28}.Debug|Any CPU.ActiveCfg = Debug|Any CPU
		{EAAE5433-AD75-4F59-A127-8DAD71185B28}.Debug|Any CPU.Build.0 = Debug|Any CPU
		{EAAE5433-AD75-4F59-A127-8DAD71185B28}.Release|Any CPU.ActiveCfg = Release|Any CPU
		{EAAE5433-AD75-4F59-A127-8DAD71185B28}.Release|Any CPU.Build.0 = Release|Any CPU
	EndGlobalSection
	GlobalSection(SolutionProperties) = preSolution
		HideSolutionNode = FALSE
	EndGlobalSection
	GlobalSection(ExtensibilityGlobals) = postSolution
		SolutionGuid = {83B0C62A-2061-4ED3-BC98-E29BBAE192B7}
	EndGlobalSection
EndGlobal
